{
  "nodes": {
    "nixpkgs": {
      "locked": {
        "lastModified": 1599137069,
        "narHash": "sha256-Mdauu2GJZ95DEI8R9CYRPcndSHTINjRET7diOtTbryU=",
        "owner": "NixOS",
        "repo": "nixpkgs",
        "rev": "f806b3c81b99ea402cad8d641323e61215a855b3",
        "type": "github"
      },
      "original": {
        "id": "nixpkgs",
        "type": "indirect"
      }
    },
    "nixpkgs-ng": {
      "inputs": {
        "nixpkgs": "nixpkgs"
      },
      "locked": {
        "dir": "nixpkgs-ng",
        "lastModified": 1600865835,
        "narHash": "sha256-atOnS59bKbsFnQXJdv5XHGQzZBp/BFR/7lFzm5NEPFc=",
        "owner": "tweag",
        "repo": "nix-ux",
        "rev": "cbd9b06745b672cf103979477fa496128926cca2",
        "type": "github"
      },
      "original": {
        "dir": "nixpkgs-ng",
        "owner": "tweag",
        "repo": "nix-ux",
        "type": "github"
      }
    },
    "root": {
      "inputs": {
        "nixpkgs-ng": "nixpkgs-ng"
      }
    }
  },
  "root": "root",
  "version": 7
}
