{
  "nodes": {
    "nixpkgs": {
      "locked": {
        "lastModified": 1599137069,
        "narHash": "sha256-Mdauu2GJZ95DEI8R9CYRPcndSHTINjRET7diOtTbryU=",
        "owner": "NixOS",
        "repo": "nixpkgs",
        "rev": "f806b3c81b99ea402cad8d641323e61215a855b3",
        "type": "github"
      },
      "original": {
        "id": "nixpkgs",
        "type": "indirect"
      }
    },
    "nixpkgs-ng": {
      "inputs": {
        "nixpkgs": "nixpkgs"
      },
      "locked": {
        "dir": "nixpkgs-ng",
        "lastModified": 1600433452,
        "narHash": "sha256-uHFcRtYJlpaqIVE6H7eyywT+vtVSuabavORwNO/GqZs=",
        "owner": "tweag",
        "repo": "nix-ux",
        "rev": "1d33563074feb7e7b0388c310c5580f669893157",
        "type": "github"
      },
      "original": {
        "dir": "nixpkgs-ng",
        "owner": "tweag",
        "ref": "configs",
        "repo": "nix-ux",
        "type": "github"
      }
    },
    "root": {
      "inputs": {
        "nixpkgs-ng": "nixpkgs-ng"
      }
    }
  },
  "root": "root",
  "version": 7
}
