{
  "nodes": {
    "nixpkgs": {
      "locked": {
        "lastModified": 1598962687,
        "narHash": "sha256-ZKKF+Qzdpg6DdUqY7VKmfsE7FJUIeBTXAPI19dcBWOk=",
        "owner": "NixOS",
        "repo": "nixpkgs",
        "rev": "50f068654a3277f15095937b7b51d3e2a2968b41",
        "type": "github"
      },
      "original": {
        "id": "nixpkgs",
        "type": "indirect"
      }
    },
    "nixpkgs-ng": {
      "inputs": {
        "nixpkgs": "nixpkgs"
      },
      "locked": {
        "dir": "nixpkgs-ng",
        "lastModified": 1598965090,
        "narHash": "sha256-kOLrp8g57b7CApo7aun3z4YAYt+n+iOIIdqsHCFwH1w=",
        "owner": "tweag",
        "repo": "nix-ux",
        "rev": "a5aa61f7379f2d4338374c0c007a73049393cd01",
        "type": "github"
      },
      "original": {
        "dir": "nixpkgs-ng",
        "owner": "tweag",
        "ref": "configs",
        "repo": "nix-ux",
        "type": "github"
      }
    },
    "root": {
      "inputs": {
        "nixpkgs-ng": "nixpkgs-ng"
      }
    }
  },
  "root": "root",
  "version": 7
}
