{
  "nodes": {
    "nixpkgs": {
      "locked": {
        "lastModified": 1598962687,
        "narHash": "sha256-ZKKF+Qzdpg6DdUqY7VKmfsE7FJUIeBTXAPI19dcBWOk=",
        "owner": "NixOS",
        "repo": "nixpkgs",
        "rev": "50f068654a3277f15095937b7b51d3e2a2968b41",
        "type": "github"
      },
      "original": {
        "id": "nixpkgs",
        "type": "indirect"
      }
    },
    "nixpkgs-ng": {
      "inputs": {
        "nixpkgs": "nixpkgs"
      },
      "locked": {
        "narHash": "sha256-k4DX16bZV4p/W11h3YixRW+GCgAzPa9YkczAORjd4Oo=",
        "path": "/home/eelco/Dev/nix-ux/nixpkgs-ng",
        "type": "path"
      },
      "original": {
        "path": "/home/eelco/Dev/nix-ux/nixpkgs-ng",
        "type": "path"
      }
    },
    "root": {
      "inputs": {
        "nixpkgs-ng": "nixpkgs-ng"
      }
    }
  },
  "root": "root",
  "version": 7
}
